PODS:
  - AFNetworking (2.5.0):
    - AFNetworking/NSURLConnection (= 2.5.0)
    - AFNetworking/NSURLSession (= 2.5.0)
    - AFNetworking/Reachability (= 2.5.0)
    - AFNetworking/Security (= 2.5.0)
    - AFNetworking/Serialization (= 2.5.0)
    - AFNetworking/UIKit (= 2.5.0)
  - AFNetworking/NSURLConnection (2.5.0):
    - AFNetworking/Reachability
    - AFNetworking/Security
    - AFNetworking/Serialization
  - AFNetworking/NSURLSession (2.5.0):
    - AFNetworking/Reachability
    - AFNetworking/Security
    - AFNetworking/Serialization
  - AFNetworking/Reachability (2.5.0)
  - AFNetworking/Security (2.5.0)
  - AFNetworking/Serialization (2.5.0)
  - AFNetworking/UIKit (2.5.0):
    - AFNetworking/NSURLConnection
    - AFNetworking/NSURLSession
  - CrashlyticsFramework (2.2.5.2)
  - CTFeedback (1.0.16)
  - Mixpanel (2.6.0):
    - Mixpanel/MPCategoryHelpers (= 2.6.0)
  - Mixpanel/MPCategoryHelpers (2.6.0)
  - SVProgressHUD (1.0)
  - VTAcknowledgementsViewController (0.12)

DEPENDENCIES:
  - AFNetworking (= 2.5.0)
  - CrashlyticsFramework (~> 2.2)
  - CTFeedback (from `https://github.com/ruddfawcett/CTFeedback.git`)
  - Mixpanel
  - SVProgressHUD (= 1.0)
  - VTAcknowledgementsViewController

EXTERNAL SOURCES:
  CTFeedback:
    :git: https://github.com/ruddfawcett/CTFeedback.git

CHECKOUT OPTIONS:
  CTFeedback:
    :commit: 0122fe55db1798fdfb925f8931ac499326d91edb
    :git: https://github.com/ruddfawcett/CTFeedback.git

SPEC CHECKSUMS:
  AFNetworking: 0f54cb5d16ce38c1b76948faffb8d5fb705021c7
  CrashlyticsFramework: 4e91082f3019bea7e718e1b67b0a3b56729dbc5d
  CTFeedback: a0af4d88e6f4244bbfb33b4729675216258d2f0e
  Mixpanel: e919d14f07a34ee01f81f97e535b7a240af2f793
  SVProgressHUD: 5034c6e22b8c2ca3e09402e48d41ed0340aa1c50
  VTAcknowledgementsViewController: 5cdab8f3d003680b8fbdfcce90fcab92cee962a6

COCOAPODS: 0.35.0
