// !$*UTF8*$!
{
	archiveVersion = 1;
	classes = {
	};
	objectVersion = 46;
	objects = {

/* Begin PBXBuildFile section */
		677452FEF38A6A9D4B9D9574 /* libPods.a in Frameworks */ = {isa = PBXBuildFile; fileRef = 1B9AF2B506BB69C0E8E3A684 /* libPods.a */; };
		F1D808281A2435360068B20D /* PAComparisonViewController.m in Sources */ = {isa = PBXBuildFile; fileRef = F1D808271A2435360068B20D /* PAComparisonViewController.m */; };
		F1D8082B1A2442310068B20D /* PACache.m in Sources */ = {isa = PBXBuildFile; fileRef = F1D8082A1A2442310068B20D /* PACache.m */; };
		F1D808311A2468050068B20D /* NSArray+PAExtensions.m in Sources */ = {isa = PBXBuildFile; fileRef = F1D808301A2468050068B20D /* NSArray+PAExtensions.m */; };
		F1D808351A2528FB0068B20D /* Crashlytics.framework in Frameworks */ = {isa = PBXBuildFile; fileRef = F1D808341A2528FB0068B20D /* Crashlytics.framework */; };
		F1FE36641A23B9F0006EFFC3 /* AppDelegate.m in Sources */ = {isa = PBXBuildFile; fileRef = F1FE36031A23B9F0006EFFC3 /* AppDelegate.m */; };
		F1FE36651A23B9F0006EFFC3 /* LaunchScreen.xib in Resources */ = {isa = PBXBuildFile; fileRef = F1FE36041A23B9F0006EFFC3 /* LaunchScreen.xib */; };
		F1FE36661A23B9F0006EFFC3 /* PACommitment.m in Sources */ = {isa = PBXBuildFile; fileRef = F1FE360A1A23B9F0006EFFC3 /* PACommitment.m */; };
		F1FE36671A23B9F0006EFFC3 /* PACourse.m in Sources */ = {isa = PBXBuildFile; fileRef = F1FE360C1A23B9F0006EFFC3 /* PACourse.m */; };
		F1FE36681A23B9F0006EFFC3 /* PASchedule.m in Sources */ = {isa = PBXBuildFile; fileRef = F1FE360E1A23B9F0006EFFC3 /* PASchedule.m */; };
		F1FE36691A23B9F0006EFFC3 /* PASection.m in Sources */ = {isa = PBXBuildFile; fileRef = F1FE36101A23B9F0006EFFC3 /* PASection.m */; };
		F1FE366A1A23B9F0006EFFC3 /* PAStudent.m in Sources */ = {isa = PBXBuildFile; fileRef = F1FE36121A23B9F0006EFFC3 /* PAStudent.m */; };
		F1FE366B1A23B9F0006EFFC3 /* PASupercourse.m in Sources */ = {isa = PBXBuildFile; fileRef = F1FE36141A23B9F0006EFFC3 /* PASupercourse.m */; };
		F1FE366C1A23B9F0006EFFC3 /* PATeacher.m in Sources */ = {isa = PBXBuildFile; fileRef = F1FE36161A23B9F0006EFFC3 /* PATeacher.m */; };
		F1FE366D1A23B9F0006EFFC3 /* PASchedulesAPI.m in Sources */ = {isa = PBXBuildFile; fileRef = F1FE36191A23B9F0006EFFC3 /* PASchedulesAPI.m */; };
		F1FE366E1A23B9F0006EFFC3 /* NSDate+PAExtensions.m in Sources */ = {isa = PBXBuildFile; fileRef = F1FE361C1A23B9F0006EFFC3 /* NSDate+PAExtensions.m */; };
		F1FE366F1A23B9F0006EFFC3 /* NSError+PAExtensions.m in Sources */ = {isa = PBXBuildFile; fileRef = F1FE361E1A23B9F0006EFFC3 /* NSError+PAExtensions.m */; };
		F1FE36701A23B9F0006EFFC3 /* UIImage+PAExtensions.m in Sources */ = {isa = PBXBuildFile; fileRef = F1FE36201A23B9F0006EFFC3 /* UIImage+PAExtensions.m */; };
		F1FE36711A23B9F0006EFFC3 /* UITabBarItem+Selected.m in Sources */ = {isa = PBXBuildFile; fileRef = F1FE36221A23B9F0006EFFC3 /* UITabBarItem+Selected.m */; };
		F1FE36721A23B9F0006EFFC3 /* PALoginViewController.m in Sources */ = {isa = PBXBuildFile; fileRef = F1FE36261A23B9F0006EFFC3 /* PALoginViewController.m */; };
		F1FE36731A23B9F0006EFFC3 /* PANavigationController.m in Sources */ = {isa = PBXBuildFile; fileRef = F1FE36291A23B9F0006EFFC3 /* PANavigationController.m */; };
		F1FE36741A23B9F0006EFFC3 /* PATabBarController.m in Sources */ = {isa = PBXBuildFile; fileRef = F1FE362B1A23B9F0006EFFC3 /* PATabBarController.m */; };
		F1FE36751A23B9F0006EFFC3 /* PACompareViewController.m in Sources */ = {isa = PBXBuildFile; fileRef = F1FE362F1A23B9F0006EFFC3 /* PACompareViewController.m */; };
		F1FE36761A23B9F0006EFFC3 /* PASearchViewController.m in Sources */ = {isa = PBXBuildFile; fileRef = F1FE36321A23B9F0006EFFC3 /* PASearchViewController.m */; };
		F1FE36771A23B9F0006EFFC3 /* PAStudentSearchViewController.m in Sources */ = {isa = PBXBuildFile; fileRef = F1FE36341A23B9F0006EFFC3 /* PAStudentSearchViewController.m */; };
		F1FE36781A23B9F0006EFFC3 /* PASupercourseSearchViewController.m in Sources */ = {isa = PBXBuildFile; fileRef = F1FE36361A23B9F0006EFFC3 /* PASupercourseSearchViewController.m */; };
		F1FE36791A23B9F0006EFFC3 /* PATeacherSearchViewController.m in Sources */ = {isa = PBXBuildFile; fileRef = F1FE36381A23B9F0006EFFC3 /* PATeacherSearchViewController.m */; };
		F1FE367A1A23B9F0006EFFC3 /* PACommitmentViewController.m in Sources */ = {isa = PBXBuildFile; fileRef = F1FE363B1A23B9F0006EFFC3 /* PACommitmentViewController.m */; };
		F1FE367B1A23B9F0006EFFC3 /* PASectionViewController.m in Sources */ = {isa = PBXBuildFile; fileRef = F1FE363D1A23B9F0006EFFC3 /* PASectionViewController.m */; };
		F1FE367C1A23B9F0006EFFC3 /* PAStudentViewController.m in Sources */ = {isa = PBXBuildFile; fileRef = F1FE363F1A23B9F0006EFFC3 /* PAStudentViewController.m */; };
		F1FE367D1A23B9F0006EFFC3 /* PASupercourseViewController.m in Sources */ = {isa = PBXBuildFile; fileRef = F1FE36411A23B9F0006EFFC3 /* PASupercourseViewController.m */; };
		F1FE367E1A23B9F0006EFFC3 /* PATeacherViewController.m in Sources */ = {isa = PBXBuildFile; fileRef = F1FE36431A23B9F0006EFFC3 /* PATeacherViewController.m */; };
		F1FE367F1A23B9F0006EFFC3 /* PATemplateTableViewController.m in Sources */ = {isa = PBXBuildFile; fileRef = F1FE36461A23B9F0006EFFC3 /* PATemplateTableViewController.m */; };
		F1FE36801A23B9F0006EFFC3 /* PABasicInfoTableViewCell.m in Sources */ = {isa = PBXBuildFile; fileRef = F1FE364B1A23B9F0006EFFC3 /* PABasicInfoTableViewCell.m */; };
		F1FE36811A23B9F0006EFFC3 /* PABasicTeacherTableViewCell.m in Sources */ = {isa = PBXBuildFile; fileRef = F1FE364D1A23B9F0006EFFC3 /* PABasicTeacherTableViewCell.m */; };
		F1FE36821A23B9F0006EFFC3 /* PACommitmentTableViewCell.m in Sources */ = {isa = PBXBuildFile; fileRef = F1FE364F1A23B9F0006EFFC3 /* PACommitmentTableViewCell.m */; };
		F1FE36831A23B9F0006EFFC3 /* PACourseTableViewCell.m in Sources */ = {isa = PBXBuildFile; fileRef = F1FE36511A23B9F0006EFFC3 /* PACourseTableViewCell.m */; };
		F1FE36841A23B9F0006EFFC3 /* PAEmptyTableViewCell.m in Sources */ = {isa = PBXBuildFile; fileRef = F1FE36531A23B9F0006EFFC3 /* PAEmptyTableViewCell.m */; };
		F1FE36851A23B9F0006EFFC3 /* PASectionTableViewCell.m in Sources */ = {isa = PBXBuildFile; fileRef = F1FE36551A23B9F0006EFFC3 /* PASectionTableViewCell.m */; };
		F1FE36861A23B9F0006EFFC3 /* PAStudentTableViewCell.m in Sources */ = {isa = PBXBuildFile; fileRef = F1FE36571A23B9F0006EFFC3 /* PAStudentTableViewCell.m */; };
		F1FE36871A23B9F0006EFFC3 /* PASupercourseTableViewCell.m in Sources */ = {isa = PBXBuildFile; fileRef = F1FE36591A23B9F0006EFFC3 /* PASupercourseTableViewCell.m */; };
		F1FE36881A23B9F0006EFFC3 /* PATeacherTableViewCell.m in Sources */ = {isa = PBXBuildFile; fileRef = F1FE365B1A23B9F0006EFFC3 /* PATeacherTableViewCell.m */; };
		F1FE36891A23B9F0006EFFC3 /* PATextFieldCell.m in Sources */ = {isa = PBXBuildFile; fileRef = F1FE365D1A23B9F0006EFFC3 /* PATextFieldCell.m */; };
		F1FE368A1A23B9F0006EFFC3 /* Images.xcassets in Resources */ = {isa = PBXBuildFile; fileRef = F1FE365F1A23B9F0006EFFC3 /* Images.xcassets */; };
		F1FE368C1A23B9F0006EFFC3 /* main.m in Sources */ = {isa = PBXBuildFile; fileRef = F1FE36631A23B9F0006EFFC3 /* main.m */; };
/* End PBXBuildFile section */

/* Begin PBXFileReference section */
		1B9AF2B506BB69C0E8E3A684 /* libPods.a */ = {isa = PBXFileReference; explicitFileType = archive.ar; includeInIndex = 0; path = libPods.a; sourceTree = BUILT_PRODUCTS_DIR; };
		5816D954C368EF0942C41008 /* Pods.debug.xcconfig */ = {isa = PBXFileReference; includeInIndex = 1; lastKnownFileType = text.xcconfig; name = Pods.debug.xcconfig; path = "Pods/Target Support Files/Pods/Pods.debug.xcconfig"; sourceTree = "<group>"; };
		EEF57C240426B12D7CC19B88 /* Pods.release.xcconfig */ = {isa = PBXFileReference; includeInIndex = 1; lastKnownFileType = text.xcconfig; name = Pods.release.xcconfig; path = "Pods/Target Support Files/Pods/Pods.release.xcconfig"; sourceTree = "<group>"; };
		F1D808261A2435360068B20D /* PAComparisonViewController.h */ = {isa = PBXFileReference; fileEncoding = 4; lastKnownFileType = sourcecode.c.h; path = PAComparisonViewController.h; sourceTree = "<group>"; };
		F1D808271A2435360068B20D /* PAComparisonViewController.m */ = {isa = PBXFileReference; fileEncoding = 4; lastKnownFileType = sourcecode.c.objc; path = PAComparisonViewController.m; sourceTree = "<group>"; };
		F1D808291A2442310068B20D /* PACache.h */ = {isa = PBXFileReference; fileEncoding = 4; lastKnownFileType = sourcecode.c.h; path = PACache.h; sourceTree = "<group>"; };
		F1D8082A1A2442310068B20D /* PACache.m */ = {isa = PBXFileReference; fileEncoding = 4; lastKnownFileType = sourcecode.c.objc; path = PACache.m; sourceTree = "<group>"; };
		F1D8082F1A2468050068B20D /* NSArray+PAExtensions.h */ = {isa = PBXFileReference; fileEncoding = 4; lastKnownFileType = sourcecode.c.h; path = "NSArray+PAExtensions.h"; sourceTree = "<group>"; };
		F1D808301A2468050068B20D /* NSArray+PAExtensions.m */ = {isa = PBXFileReference; fileEncoding = 4; lastKnownFileType = sourcecode.c.objc; path = "NSArray+PAExtensions.m"; sourceTree = "<group>"; };
		F1D808321A246AFF0068B20D /* PrefixHeader.pch */ = {isa = PBXFileReference; lastKnownFileType = sourcecode.c.h; path = PrefixHeader.pch; sourceTree = SOURCE_ROOT; };
		F1D808341A2528FB0068B20D /* Crashlytics.framework */ = {isa = PBXFileReference; lastKnownFileType = wrapper.framework; path = Crashlytics.framework; sourceTree = "<group>"; };
		F1FE35D81A23B9B2006EFFC3 /* PASchedules.app */ = {isa = PBXFileReference; explicitFileType = wrapper.application; includeInIndex = 0; path = PASchedules.app; sourceTree = BUILT_PRODUCTS_DIR; };
		F1FE36021A23B9F0006EFFC3 /* AppDelegate.h */ = {isa = PBXFileReference; fileEncoding = 4; lastKnownFileType = sourcecode.c.h; path = AppDelegate.h; sourceTree = "<group>"; };
		F1FE36031A23B9F0006EFFC3 /* AppDelegate.m */ = {isa = PBXFileReference; fileEncoding = 4; lastKnownFileType = sourcecode.c.objc; path = AppDelegate.m; sourceTree = "<group>"; };
		F1FE36051A23B9F0006EFFC3 /* Base */ = {isa = PBXFileReference; lastKnownFileType = file.xib; name = Base; path = Base.lproj/LaunchScreen.xib; sourceTree = "<group>"; };
		F1FE36091A23B9F0006EFFC3 /* PACommitment.h */ = {isa = PBXFileReference; fileEncoding = 4; lastKnownFileType = sourcecode.c.h; path = PACommitment.h; sourceTree = "<group>"; };
		F1FE360A1A23B9F0006EFFC3 /* PACommitment.m */ = {isa = PBXFileReference; fileEncoding = 4; lastKnownFileType = sourcecode.c.objc; path = PACommitment.m; sourceTree = "<group>"; };
		F1FE360B1A23B9F0006EFFC3 /* PACourse.h */ = {isa = PBXFileReference; fileEncoding = 4; lastKnownFileType = sourcecode.c.h; path = PACourse.h; sourceTree = "<group>"; };
		F1FE360C1A23B9F0006EFFC3 /* PACourse.m */ = {isa = PBXFileReference; fileEncoding = 4; lastKnownFileType = sourcecode.c.objc; path = PACourse.m; sourceTree = "<group>"; };
		F1FE360D1A23B9F0006EFFC3 /* PASchedule.h */ = {isa = PBXFileReference; fileEncoding = 4; lastKnownFileType = sourcecode.c.h; path = PASchedule.h; sourceTree = "<group>"; };
		F1FE360E1A23B9F0006EFFC3 /* PASchedule.m */ = {isa = PBXFileReference; fileEncoding = 4; lastKnownFileType = sourcecode.c.objc; path = PASchedule.m; sourceTree = "<group>"; };
		F1FE360F1A23B9F0006EFFC3 /* PASection.h */ = {isa = PBXFileReference; fileEncoding = 4; lastKnownFileType = sourcecode.c.h; path = PASection.h; sourceTree = "<group>"; };
		F1FE36101A23B9F0006EFFC3 /* PASection.m */ = {isa = PBXFileReference; fileEncoding = 4; lastKnownFileType = sourcecode.c.objc; path = PASection.m; sourceTree = "<group>"; };
		F1FE36111A23B9F0006EFFC3 /* PAStudent.h */ = {isa = PBXFileReference; fileEncoding = 4; lastKnownFileType = sourcecode.c.h; path = PAStudent.h; sourceTree = "<group>"; };
		F1FE36121A23B9F0006EFFC3 /* PAStudent.m */ = {isa = PBXFileReference; fileEncoding = 4; lastKnownFileType = sourcecode.c.objc; path = PAStudent.m; sourceTree = "<group>"; };
		F1FE36131A23B9F0006EFFC3 /* PASupercourse.h */ = {isa = PBXFileReference; fileEncoding = 4; lastKnownFileType = sourcecode.c.h; path = PASupercourse.h; sourceTree = "<group>"; };
		F1FE36141A23B9F0006EFFC3 /* PASupercourse.m */ = {isa = PBXFileReference; fileEncoding = 4; lastKnownFileType = sourcecode.c.objc; path = PASupercourse.m; sourceTree = "<group>"; };
		F1FE36151A23B9F0006EFFC3 /* PATeacher.h */ = {isa = PBXFileReference; fileEncoding = 4; lastKnownFileType = sourcecode.c.h; path = PATeacher.h; sourceTree = "<group>"; };
		F1FE36161A23B9F0006EFFC3 /* PATeacher.m */ = {isa = PBXFileReference; fileEncoding = 4; lastKnownFileType = sourcecode.c.objc; path = PATeacher.m; sourceTree = "<group>"; };
		F1FE36171A23B9F0006EFFC3 /* PASchedules.h */ = {isa = PBXFileReference; fileEncoding = 4; lastKnownFileType = sourcecode.c.h; path = PASchedules.h; sourceTree = "<group>"; };
		F1FE36181A23B9F0006EFFC3 /* PASchedulesAPI.h */ = {isa = PBXFileReference; fileEncoding = 4; lastKnownFileType = sourcecode.c.h; path = PASchedulesAPI.h; sourceTree = "<group>"; };
		F1FE36191A23B9F0006EFFC3 /* PASchedulesAPI.m */ = {isa = PBXFileReference; fileEncoding = 4; lastKnownFileType = sourcecode.c.objc; path = PASchedulesAPI.m; sourceTree = "<group>"; };
		F1FE361B1A23B9F0006EFFC3 /* NSDate+PAExtensions.h */ = {isa = PBXFileReference; fileEncoding = 4; lastKnownFileType = sourcecode.c.h; path = "NSDate+PAExtensions.h"; sourceTree = "<group>"; };
		F1FE361C1A23B9F0006EFFC3 /* NSDate+PAExtensions.m */ = {isa = PBXFileReference; fileEncoding = 4; lastKnownFileType = sourcecode.c.objc; path = "NSDate+PAExtensions.m"; sourceTree = "<group>"; };
		F1FE361D1A23B9F0006EFFC3 /* NSError+PAExtensions.h */ = {isa = PBXFileReference; fileEncoding = 4; lastKnownFileType = sourcecode.c.h; path = "NSError+PAExtensions.h"; sourceTree = "<group>"; };
		F1FE361E1A23B9F0006EFFC3 /* NSError+PAExtensions.m */ = {isa = PBXFileReference; fileEncoding = 4; lastKnownFileType = sourcecode.c.objc; path = "NSError+PAExtensions.m"; sourceTree = "<group>"; };
		F1FE361F1A23B9F0006EFFC3 /* UIImage+PAExtensions.h */ = {isa = PBXFileReference; fileEncoding = 4; lastKnownFileType = sourcecode.c.h; path = "UIImage+PAExtensions.h"; sourceTree = "<group>"; };
		F1FE36201A23B9F0006EFFC3 /* UIImage+PAExtensions.m */ = {isa = PBXFileReference; fileEncoding = 4; lastKnownFileType = sourcecode.c.objc; path = "UIImage+PAExtensions.m"; sourceTree = "<group>"; };
		F1FE36211A23B9F0006EFFC3 /* UITabBarItem+Selected.h */ = {isa = PBXFileReference; fileEncoding = 4; lastKnownFileType = sourcecode.c.h; path = "UITabBarItem+Selected.h"; sourceTree = "<group>"; };
		F1FE36221A23B9F0006EFFC3 /* UITabBarItem+Selected.m */ = {isa = PBXFileReference; fileEncoding = 4; lastKnownFileType = sourcecode.c.objc; path = "UITabBarItem+Selected.m"; sourceTree = "<group>"; };
		F1FE36251A23B9F0006EFFC3 /* PALoginViewController.h */ = {isa = PBXFileReference; fileEncoding = 4; lastKnownFileType = sourcecode.c.h; path = PALoginViewController.h; sourceTree = "<group>"; };
		F1FE36261A23B9F0006EFFC3 /* PALoginViewController.m */ = {isa = PBXFileReference; fileEncoding = 4; lastKnownFileType = sourcecode.c.objc; path = PALoginViewController.m; sourceTree = "<group>"; };
		F1FE36281A23B9F0006EFFC3 /* PANavigationController.h */ = {isa = PBXFileReference; fileEncoding = 4; lastKnownFileType = sourcecode.c.h; path = PANavigationController.h; sourceTree = "<group>"; };
		F1FE36291A23B9F0006EFFC3 /* PANavigationController.m */ = {isa = PBXFileReference; fileEncoding = 4; lastKnownFileType = sourcecode.c.objc; path = PANavigationController.m; sourceTree = "<group>"; };
		F1FE362A1A23B9F0006EFFC3 /* PATabBarController.h */ = {isa = PBXFileReference; fileEncoding = 4; lastKnownFileType = sourcecode.c.h; path = PATabBarController.h; sourceTree = "<group>"; };
		F1FE362B1A23B9F0006EFFC3 /* PATabBarController.m */ = {isa = PBXFileReference; fileEncoding = 4; lastKnownFileType = sourcecode.c.objc; path = PATabBarController.m; sourceTree = "<group>"; };
		F1FE362E1A23B9F0006EFFC3 /* PACompareViewController.h */ = {isa = PBXFileReference; fileEncoding = 4; lastKnownFileType = sourcecode.c.h; path = PACompareViewController.h; sourceTree = "<group>"; };
		F1FE362F1A23B9F0006EFFC3 /* PACompareViewController.m */ = {isa = PBXFileReference; fileEncoding = 4; lastKnownFileType = sourcecode.c.objc; path = PACompareViewController.m; sourceTree = "<group>"; };
		F1FE36311A23B9F0006EFFC3 /* PASearchViewController.h */ = {isa = PBXFileReference; fileEncoding = 4; lastKnownFileType = sourcecode.c.h; path = PASearchViewController.h; sourceTree = "<group>"; };
		F1FE36321A23B9F0006EFFC3 /* PASearchViewController.m */ = {isa = PBXFileReference; fileEncoding = 4; lastKnownFileType = sourcecode.c.objc; path = PASearchViewController.m; sourceTree = "<group>"; };
		F1FE36331A23B9F0006EFFC3 /* PAStudentSearchViewController.h */ = {isa = PBXFileReference; fileEncoding = 4; lastKnownFileType = sourcecode.c.h; path = PAStudentSearchViewController.h; sourceTree = "<group>"; };
		F1FE36341A23B9F0006EFFC3 /* PAStudentSearchViewController.m */ = {isa = PBXFileReference; fileEncoding = 4; lastKnownFileType = sourcecode.c.objc; path = PAStudentSearchViewController.m; sourceTree = "<group>"; };
		F1FE36351A23B9F0006EFFC3 /* PASupercourseSearchViewController.h */ = {isa = PBXFileReference; fileEncoding = 4; lastKnownFileType = sourcecode.c.h; path = PASupercourseSearchViewController.h; sourceTree = "<group>"; };
		F1FE36361A23B9F0006EFFC3 /* PASupercourseSearchViewController.m */ = {isa = PBXFileReference; fileEncoding = 4; lastKnownFileType = sourcecode.c.objc; path = PASupercourseSearchViewController.m; sourceTree = "<group>"; };
		F1FE36371A23B9F0006EFFC3 /* PATeacherSearchViewController.h */ = {isa = PBXFileReference; fileEncoding = 4; lastKnownFileType = sourcecode.c.h; path = PATeacherSearchViewController.h; sourceTree = "<group>"; };
		F1FE36381A23B9F0006EFFC3 /* PATeacherSearchViewController.m */ = {isa = PBXFileReference; fileEncoding = 4; lastKnownFileType = sourcecode.c.objc; path = PATeacherSearchViewController.m; sourceTree = "<group>"; };
		F1FE363A1A23B9F0006EFFC3 /* PACommitmentViewController.h */ = {isa = PBXFileReference; fileEncoding = 4; lastKnownFileType = sourcecode.c.h; path = PACommitmentViewController.h; sourceTree = "<group>"; };
		F1FE363B1A23B9F0006EFFC3 /* PACommitmentViewController.m */ = {isa = PBXFileReference; fileEncoding = 4; lastKnownFileType = sourcecode.c.objc; path = PACommitmentViewController.m; sourceTree = "<group>"; };
		F1FE363C1A23B9F0006EFFC3 /* PASectionViewController.h */ = {isa = PBXFileReference; fileEncoding = 4; lastKnownFileType = sourcecode.c.h; path = PASectionViewController.h; sourceTree = "<group>"; };
		F1FE363D1A23B9F0006EFFC3 /* PASectionViewController.m */ = {isa = PBXFileReference; fileEncoding = 4; lastKnownFileType = sourcecode.c.objc; path = PASectionViewController.m; sourceTree = "<group>"; };
		F1FE363E1A23B9F0006EFFC3 /* PAStudentViewController.h */ = {isa = PBXFileReference; fileEncoding = 4; lastKnownFileType = sourcecode.c.h; path = PAStudentViewController.h; sourceTree = "<group>"; };
		F1FE363F1A23B9F0006EFFC3 /* PAStudentViewController.m */ = {isa = PBXFileReference; fileEncoding = 4; lastKnownFileType = sourcecode.c.objc; path = PAStudentViewController.m; sourceTree = "<group>"; };
		F1FE36401A23B9F0006EFFC3 /* PASupercourseViewController.h */ = {isa = PBXFileReference; fileEncoding = 4; lastKnownFileType = sourcecode.c.h; path = PASupercourseViewController.h; sourceTree = "<group>"; };
		F1FE36411A23B9F0006EFFC3 /* PASupercourseViewController.m */ = {isa = PBXFileReference; fileEncoding = 4; lastKnownFileType = sourcecode.c.objc; path = PASupercourseViewController.m; sourceTree = "<group>"; };
		F1FE36421A23B9F0006EFFC3 /* PATeacherViewController.h */ = {isa = PBXFileReference; fileEncoding = 4; lastKnownFileType = sourcecode.c.h; path = PATeacherViewController.h; sourceTree = "<group>"; };
		F1FE36431A23B9F0006EFFC3 /* PATeacherViewController.m */ = {isa = PBXFileReference; fileEncoding = 4; lastKnownFileType = sourcecode.c.objc; path = PATeacherViewController.m; sourceTree = "<group>"; };
		F1FE36451A23B9F0006EFFC3 /* PATemplateTableViewController.h */ = {isa = PBXFileReference; fileEncoding = 4; lastKnownFileType = sourcecode.c.h; path = PATemplateTableViewController.h; sourceTree = "<group>"; };
		F1FE36461A23B9F0006EFFC3 /* PATemplateTableViewController.m */ = {isa = PBXFileReference; fileEncoding = 4; lastKnownFileType = sourcecode.c.objc; path = PATemplateTableViewController.m; sourceTree = "<group>"; };
		F1FE364A1A23B9F0006EFFC3 /* PABasicInfoTableViewCell.h */ = {isa = PBXFileReference; fileEncoding = 4; lastKnownFileType = sourcecode.c.h; path = PABasicInfoTableViewCell.h; sourceTree = "<group>"; };
		F1FE364B1A23B9F0006EFFC3 /* PABasicInfoTableViewCell.m */ = {isa = PBXFileReference; fileEncoding = 4; lastKnownFileType = sourcecode.c.objc; path = PABasicInfoTableViewCell.m; sourceTree = "<group>"; };
		F1FE364C1A23B9F0006EFFC3 /* PABasicTeacherTableViewCell.h */ = {isa = PBXFileReference; fileEncoding = 4; lastKnownFileType = sourcecode.c.h; path = PABasicTeacherTableViewCell.h; sourceTree = "<group>"; };
		F1FE364D1A23B9F0006EFFC3 /* PABasicTeacherTableViewCell.m */ = {isa = PBXFileReference; fileEncoding = 4; lastKnownFileType = sourcecode.c.objc; path = PABasicTeacherTableViewCell.m; sourceTree = "<group>"; };
		F1FE364E1A23B9F0006EFFC3 /* PACommitmentTableViewCell.h */ = {isa = PBXFileReference; fileEncoding = 4; lastKnownFileType = sourcecode.c.h; path = PACommitmentTableViewCell.h; sourceTree = "<group>"; };
		F1FE364F1A23B9F0006EFFC3 /* PACommitmentTableViewCell.m */ = {isa = PBXFileReference; fileEncoding = 4; lastKnownFileType = sourcecode.c.objc; path = PACommitmentTableViewCell.m; sourceTree = "<group>"; };
		F1FE36501A23B9F0006EFFC3 /* PACourseTableViewCell.h */ = {isa = PBXFileReference; fileEncoding = 4; lastKnownFileType = sourcecode.c.h; path = PACourseTableViewCell.h; sourceTree = "<group>"; };
		F1FE36511A23B9F0006EFFC3 /* PACourseTableViewCell.m */ = {isa = PBXFileReference; fileEncoding = 4; lastKnownFileType = sourcecode.c.objc; path = PACourseTableViewCell.m; sourceTree = "<group>"; };
		F1FE36521A23B9F0006EFFC3 /* PAEmptyTableViewCell.h */ = {isa = PBXFileReference; fileEncoding = 4; lastKnownFileType = sourcecode.c.h; path = PAEmptyTableViewCell.h; sourceTree = "<group>"; };
		F1FE36531A23B9F0006EFFC3 /* PAEmptyTableViewCell.m */ = {isa = PBXFileReference; fileEncoding = 4; lastKnownFileType = sourcecode.c.objc; path = PAEmptyTableViewCell.m; sourceTree = "<group>"; };
		F1FE36541A23B9F0006EFFC3 /* PASectionTableViewCell.h */ = {isa = PBXFileReference; fileEncoding = 4; lastKnownFileType = sourcecode.c.h; path = PASectionTableViewCell.h; sourceTree = "<group>"; };
		F1FE36551A23B9F0006EFFC3 /* PASectionTableViewCell.m */ = {isa = PBXFileReference; fileEncoding = 4; lastKnownFileType = sourcecode.c.objc; path = PASectionTableViewCell.m; sourceTree = "<group>"; };
		F1FE36561A23B9F0006EFFC3 /* PAStudentTableViewCell.h */ = {isa = PBXFileReference; fileEncoding = 4; lastKnownFileType = sourcecode.c.h; path = PAStudentTableViewCell.h; sourceTree = "<group>"; };
		F1FE36571A23B9F0006EFFC3 /* PAStudentTableViewCell.m */ = {isa = PBXFileReference; fileEncoding = 4; lastKnownFileType = sourcecode.c.objc; path = PAStudentTableViewCell.m; sourceTree = "<group>"; };
		F1FE36581A23B9F0006EFFC3 /* PASupercourseTableViewCell.h */ = {isa = PBXFileReference; fileEncoding = 4; lastKnownFileType = sourcecode.c.h; path = PASupercourseTableViewCell.h; sourceTree = "<group>"; };
		F1FE36591A23B9F0006EFFC3 /* PASupercourseTableViewCell.m */ = {isa = PBXFileReference; fileEncoding = 4; lastKnownFileType = sourcecode.c.objc; path = PASupercourseTableViewCell.m; sourceTree = "<group>"; };
		F1FE365A1A23B9F0006EFFC3 /* PATeacherTableViewCell.h */ = {isa = PBXFileReference; fileEncoding = 4; lastKnownFileType = sourcecode.c.h; path = PATeacherTableViewCell.h; sourceTree = "<group>"; };
		F1FE365B1A23B9F0006EFFC3 /* PATeacherTableViewCell.m */ = {isa = PBXFileReference; fileEncoding = 4; lastKnownFileType = sourcecode.c.objc; path = PATeacherTableViewCell.m; sourceTree = "<group>"; };
		F1FE365C1A23B9F0006EFFC3 /* PATextFieldCell.h */ = {isa = PBXFileReference; fileEncoding = 4; lastKnownFileType = sourcecode.c.h; path = PATextFieldCell.h; sourceTree = "<group>"; };
		F1FE365D1A23B9F0006EFFC3 /* PATextFieldCell.m */ = {isa = PBXFileReference; fileEncoding = 4; lastKnownFileType = sourcecode.c.objc; path = PATextFieldCell.m; sourceTree = "<group>"; };
		F1FE365F1A23B9F0006EFFC3 /* Images.xcassets */ = {isa = PBXFileReference; lastKnownFileType = folder.assetcatalog; path = Images.xcassets; sourceTree = "<group>"; };
		F1FE36621A23B9F0006EFFC3 /* Info.plist */ = {isa = PBXFileReference; fileEncoding = 4; lastKnownFileType = text.plist.xml; path = Info.plist; sourceTree = "<group>"; };
		F1FE36631A23B9F0006EFFC3 /* main.m */ = {isa = PBXFileReference; fileEncoding = 4; lastKnownFileType = sourcecode.c.objc; path = main.m; sourceTree = "<group>"; };
/* End PBXFileReference section */

/* Begin PBXFrameworksBuildPhase section */
		F1FE35D51A23B9B2006EFFC3 /* Frameworks */ = {
			isa = PBXFrameworksBuildPhase;
			buildActionMask = 2147483647;
			files = (
				F1D808351A2528FB0068B20D /* Crashlytics.framework in Frameworks */,
				677452FEF38A6A9D4B9D9574 /* libPods.a in Frameworks */,
			);
			runOnlyForDeploymentPostprocessing = 0;
		};
/* End PBXFrameworksBuildPhase section */

/* Begin PBXGroup section */
		113BA8C88C43CE6B339A6F3E /* Pods */ = {
			isa = PBXGroup;
			children = (
				5816D954C368EF0942C41008 /* Pods.debug.xcconfig */,
				EEF57C240426B12D7CC19B88 /* Pods.release.xcconfig */,
			);
			name = Pods;
			sourceTree = "<group>";
		};
		C42B073D300838D9DC300513 /* Frameworks */ = {
			isa = PBXGroup;
			children = (
				F1D808341A2528FB0068B20D /* Crashlytics.framework */,
				1B9AF2B506BB69C0E8E3A684 /* libPods.a */,
			);
			name = Frameworks;
			sourceTree = "<group>";
		};
		F1D808251A23BD4B0068B20D /* Model Searches */ = {
			isa = PBXGroup;
			children = (
				F1FE36331A23B9F0006EFFC3 /* PAStudentSearchViewController.h */,
				F1FE36341A23B9F0006EFFC3 /* PAStudentSearchViewController.m */,
				F1FE36351A23B9F0006EFFC3 /* PASupercourseSearchViewController.h */,
				F1FE36361A23B9F0006EFFC3 /* PASupercourseSearchViewController.m */,
				F1FE36371A23B9F0006EFFC3 /* PATeacherSearchViewController.h */,
				F1FE36381A23B9F0006EFFC3 /* PATeacherSearchViewController.m */,
			);
			name = "Model Searches";
			sourceTree = "<group>";
		};
		F1FE35CF1A23B9B2006EFFC3 = {
			isa = PBXGroup;
			children = (
				F1FE36011A23B9F0006EFFC3 /* PASchedules */,
				F1FE35D91A23B9B2006EFFC3 /* Products */,
				113BA8C88C43CE6B339A6F3E /* Pods */,
				C42B073D300838D9DC300513 /* Frameworks */,
			);
			sourceTree = "<group>";
		};
		F1FE35D91A23B9B2006EFFC3 /* Products */ = {
			isa = PBXGroup;
			children = (
				F1FE35D81A23B9B2006EFFC3 /* PASchedules.app */,
			);
			name = Products;
			sourceTree = "<group>";
		};
		F1FE36011A23B9F0006EFFC3 /* PASchedules */ = {
			isa = PBXGroup;
			children = (
				F1FE36021A23B9F0006EFFC3 /* AppDelegate.h */,
				F1FE36031A23B9F0006EFFC3 /* AppDelegate.m */,
				F1D808321A246AFF0068B20D /* PrefixHeader.pch */,
				F1FE36041A23B9F0006EFFC3 /* LaunchScreen.xib */,
				F1FE36061A23B9F0006EFFC3 /* Classes */,
				F1FE365F1A23B9F0006EFFC3 /* Images.xcassets */,
				F1FE36611A23B9F0006EFFC3 /* Supporting Files */,
			);
			path = PASchedules;
			sourceTree = "<group>";
		};
		F1FE36061A23B9F0006EFFC3 /* Classes */ = {
			isa = PBXGroup;
			children = (
				F1FE36071A23B9F0006EFFC3 /* API */,
				F1FE361A1A23B9F0006EFFC3 /* Categories */,
				F1FE36231A23B9F0006EFFC3 /* Controllers */,
				F1FE36471A23B9F0006EFFC3 /* Models */,
				F1FE36481A23B9F0006EFFC3 /* Views */,
			);
			path = Classes;
			sourceTree = "<group>";
		};
		F1FE36071A23B9F0006EFFC3 /* API */ = {
			isa = PBXGroup;
			children = (
				F1FE36081A23B9F0006EFFC3 /* Models */,
				F1FE36171A23B9F0006EFFC3 /* PASchedules.h */,
				F1FE36181A23B9F0006EFFC3 /* PASchedulesAPI.h */,
				F1FE36191A23B9F0006EFFC3 /* PASchedulesAPI.m */,
				F1D808291A2442310068B20D /* PACache.h */,
				F1D8082A1A2442310068B20D /* PACache.m */,
			);
			path = API;
			sourceTree = "<group>";
		};
		F1FE36081A23B9F0006EFFC3 /* Models */ = {
			isa = PBXGroup;
			children = (
				F1FE36091A23B9F0006EFFC3 /* PACommitment.h */,
				F1FE360A1A23B9F0006EFFC3 /* PACommitment.m */,
				F1FE360B1A23B9F0006EFFC3 /* PACourse.h */,
				F1FE360C1A23B9F0006EFFC3 /* PACourse.m */,
				F1FE360D1A23B9F0006EFFC3 /* PASchedule.h */,
				F1FE360E1A23B9F0006EFFC3 /* PASchedule.m */,
				F1FE360F1A23B9F0006EFFC3 /* PASection.h */,
				F1FE36101A23B9F0006EFFC3 /* PASection.m */,
				F1FE36111A23B9F0006EFFC3 /* PAStudent.h */,
				F1FE36121A23B9F0006EFFC3 /* PAStudent.m */,
				F1FE36131A23B9F0006EFFC3 /* PASupercourse.h */,
				F1FE36141A23B9F0006EFFC3 /* PASupercourse.m */,
				F1FE36151A23B9F0006EFFC3 /* PATeacher.h */,
				F1FE36161A23B9F0006EFFC3 /* PATeacher.m */,
			);
			path = Models;
			sourceTree = "<group>";
		};
		F1FE361A1A23B9F0006EFFC3 /* Categories */ = {
			isa = PBXGroup;
			children = (
				F1FE361B1A23B9F0006EFFC3 /* NSDate+PAExtensions.h */,
				F1FE361C1A23B9F0006EFFC3 /* NSDate+PAExtensions.m */,
				F1FE361D1A23B9F0006EFFC3 /* NSError+PAExtensions.h */,
				F1FE361E1A23B9F0006EFFC3 /* NSError+PAExtensions.m */,
				F1FE361F1A23B9F0006EFFC3 /* UIImage+PAExtensions.h */,
				F1FE36201A23B9F0006EFFC3 /* UIImage+PAExtensions.m */,
				F1FE36211A23B9F0006EFFC3 /* UITabBarItem+Selected.h */,
				F1FE36221A23B9F0006EFFC3 /* UITabBarItem+Selected.m */,
				F1D8082F1A2468050068B20D /* NSArray+PAExtensions.h */,
				F1D808301A2468050068B20D /* NSArray+PAExtensions.m */,
			);
			path = Categories;
			sourceTree = "<group>";
		};
		F1FE36231A23B9F0006EFFC3 /* Controllers */ = {
			isa = PBXGroup;
			children = (
				F1FE36241A23B9F0006EFFC3 /* Authentication */,
				F1FE36271A23B9F0006EFFC3 /* Parent Controllers */,
				F1FE362C1A23B9F0006EFFC3 /* Table View Controllers */,
				F1FE36441A23B9F0006EFFC3 /* Templates */,
			);
			path = Controllers;
			sourceTree = "<group>";
		};
		F1FE36241A23B9F0006EFFC3 /* Authentication */ = {
			isa = PBXGroup;
			children = (
				F1FE36251A23B9F0006EFFC3 /* PALoginViewController.h */,
				F1FE36261A23B9F0006EFFC3 /* PALoginViewController.m */,
			);
			path = Authentication;
			sourceTree = "<group>";
		};
		F1FE36271A23B9F0006EFFC3 /* Parent Controllers */ = {
			isa = PBXGroup;
			children = (
				F1FE36281A23B9F0006EFFC3 /* PANavigationController.h */,
				F1FE36291A23B9F0006EFFC3 /* PANavigationController.m */,
				F1FE362A1A23B9F0006EFFC3 /* PATabBarController.h */,
				F1FE362B1A23B9F0006EFFC3 /* PATabBarController.m */,
			);
			path = "Parent Controllers";
			sourceTree = "<group>";
		};
		F1FE362C1A23B9F0006EFFC3 /* Table View Controllers */ = {
			isa = PBXGroup;
			children = (
				F1FE362D1A23B9F0006EFFC3 /* Compare Tab */,
				F1FE36301A23B9F0006EFFC3 /* Search Tab */,
				F1FE36391A23B9F0006EFFC3 /* Students Tab */,
			);
			path = "Table View Controllers";
			sourceTree = "<group>";
		};
		F1FE362D1A23B9F0006EFFC3 /* Compare Tab */ = {
			isa = PBXGroup;
			children = (
				F1FE362E1A23B9F0006EFFC3 /* PACompareViewController.h */,
				F1FE362F1A23B9F0006EFFC3 /* PACompareViewController.m */,
				F1D808261A2435360068B20D /* PAComparisonViewController.h */,
				F1D808271A2435360068B20D /* PAComparisonViewController.m */,
			);
			path = "Compare Tab";
			sourceTree = "<group>";
		};
		F1FE36301A23B9F0006EFFC3 /* Search Tab */ = {
			isa = PBXGroup;
			children = (
				F1FE36311A23B9F0006EFFC3 /* PASearchViewController.h */,
				F1FE36321A23B9F0006EFFC3 /* PASearchViewController.m */,
				F1D808251A23BD4B0068B20D /* Model Searches */,
			);
			path = "Search Tab";
			sourceTree = "<group>";
		};
		F1FE36391A23B9F0006EFFC3 /* Students Tab */ = {
			isa = PBXGroup;
			children = (
				F1FE363A1A23B9F0006EFFC3 /* PACommitmentViewController.h */,
				F1FE363B1A23B9F0006EFFC3 /* PACommitmentViewController.m */,
				F1FE363C1A23B9F0006EFFC3 /* PASectionViewController.h */,
				F1FE363D1A23B9F0006EFFC3 /* PASectionViewController.m */,
				F1FE363E1A23B9F0006EFFC3 /* PAStudentViewController.h */,
				F1FE363F1A23B9F0006EFFC3 /* PAStudentViewController.m */,
				F1FE36401A23B9F0006EFFC3 /* PASupercourseViewController.h */,
				F1FE36411A23B9F0006EFFC3 /* PASupercourseViewController.m */,
				F1FE36421A23B9F0006EFFC3 /* PATeacherViewController.h */,
				F1FE36431A23B9F0006EFFC3 /* PATeacherViewController.m */,
			);
			path = "Students Tab";
			sourceTree = "<group>";
		};
		F1FE36441A23B9F0006EFFC3 /* Templates */ = {
			isa = PBXGroup;
			children = (
				F1FE36451A23B9F0006EFFC3 /* PATemplateTableViewController.h */,
				F1FE36461A23B9F0006EFFC3 /* PATemplateTableViewController.m */,
			);
			path = Templates;
			sourceTree = "<group>";
		};
		F1FE36471A23B9F0006EFFC3 /* Models */ = {
			isa = PBXGroup;
			children = (
			);
			path = Models;
			sourceTree = "<group>";
		};
		F1FE36481A23B9F0006EFFC3 /* Views */ = {
			isa = PBXGroup;
			children = (
				F1FE36491A23B9F0006EFFC3 /* Table View Cells */,
				F1FE365E1A23B9F0006EFFC3 /* Table Views */,
			);
			path = Views;
			sourceTree = "<group>";
		};
		F1FE36491A23B9F0006EFFC3 /* Table View Cells */ = {
			isa = PBXGroup;
			children = (
				F1FE364A1A23B9F0006EFFC3 /* PABasicInfoTableViewCell.h */,
				F1FE364B1A23B9F0006EFFC3 /* PABasicInfoTableViewCell.m */,
				F1FE364C1A23B9F0006EFFC3 /* PABasicTeacherTableViewCell.h */,
				F1FE364D1A23B9F0006EFFC3 /* PABasicTeacherTableViewCell.m */,
				F1FE364E1A23B9F0006EFFC3 /* PACommitmentTableViewCell.h */,
				F1FE364F1A23B9F0006EFFC3 /* PACommitmentTableViewCell.m */,
				F1FE36501A23B9F0006EFFC3 /* PACourseTableViewCell.h */,
				F1FE36511A23B9F0006EFFC3 /* PACourseTableViewCell.m */,
				F1FE36521A23B9F0006EFFC3 /* PAEmptyTableViewCell.h */,
				F1FE36531A23B9F0006EFFC3 /* PAEmptyTableViewCell.m */,
				F1FE36541A23B9F0006EFFC3 /* PASectionTableViewCell.h */,
				F1FE36551A23B9F0006EFFC3 /* PASectionTableViewCell.m */,
				F1FE36561A23B9F0006EFFC3 /* PAStudentTableViewCell.h */,
				F1FE36571A23B9F0006EFFC3 /* PAStudentTableViewCell.m */,
				F1FE36581A23B9F0006EFFC3 /* PASupercourseTableViewCell.h */,
				F1FE36591A23B9F0006EFFC3 /* PASupercourseTableViewCell.m */,
				F1FE365A1A23B9F0006EFFC3 /* PATeacherTableViewCell.h */,
				F1FE365B1A23B9F0006EFFC3 /* PATeacherTableViewCell.m */,
				F1FE365C1A23B9F0006EFFC3 /* PATextFieldCell.h */,
				F1FE365D1A23B9F0006EFFC3 /* PATextFieldCell.m */,
			);
			path = "Table View Cells";
			sourceTree = "<group>";
		};
		F1FE365E1A23B9F0006EFFC3 /* Table Views */ = {
			isa = PBXGroup;
			children = (
			);
			path = "Table Views";
			sourceTree = "<group>";
		};
		F1FE36611A23B9F0006EFFC3 /* Supporting Files */ = {
			isa = PBXGroup;
			children = (
				F1FE36621A23B9F0006EFFC3 /* Info.plist */,
				F1FE36631A23B9F0006EFFC3 /* main.m */,
			);
			path = "Supporting Files";
			sourceTree = "<group>";
		};
/* End PBXGroup section */

/* Begin PBXNativeTarget section */
		F1FE35D71A23B9B2006EFFC3 /* PASchedules */ = {
			isa = PBXNativeTarget;
			buildConfigurationList = F1FE35FB1A23B9B2006EFFC3 /* Build configuration list for PBXNativeTarget "PASchedules" */;
			buildPhases = (
				C26A725AB4415B9F3460BCF4 /* Check Pods Manifest.lock */,
				F1FE35D41A23B9B2006EFFC3 /* Sources */,
				F1FE35D51A23B9B2006EFFC3 /* Frameworks */,
				F1FE35D61A23B9B2006EFFC3 /* Resources */,
				CA0821B8EB38D49B3724592B /* Copy Pods Resources */,
				F1D808331A2528380068B20D /* Integrate Crashlytics */,
			);
			buildRules = (
			);
			dependencies = (
			);
			name = PASchedules;
			productName = PASchedules;
			productReference = F1FE35D81A23B9B2006EFFC3 /* PASchedules.app */;
			productType = "com.apple.product-type.application";
		};
/* End PBXNativeTarget section */

/* Begin PBXProject section */
		F1FE35D01A23B9B2006EFFC3 /* Project object */ = {
			isa = PBXProject;
			attributes = {
				CLASSPREFIX = PA;
				LastUpgradeCheck = 0610;
				ORGANIZATIONNAME = "Rudd Fawcett";
				TargetAttributes = {
					F1FE35D71A23B9B2006EFFC3 = {
						CreatedOnToolsVersion = 6.1;
						DevelopmentTeam = K99NAT9AQ8;
					};
				};
			};
			buildConfigurationList = F1FE35D31A23B9B2006EFFC3 /* Build configuration list for PBXProject "PASchedules" */;
			compatibilityVersion = "Xcode 3.2";
			developmentRegion = English;
			hasScannedForEncodings = 0;
			knownRegions = (
				en,
				Base,
			);
			mainGroup = F1FE35CF1A23B9B2006EFFC3;
			productRefGroup = F1FE35D91A23B9B2006EFFC3 /* Products */;
			projectDirPath = "";
			projectRoot = "";
			targets = (
				F1FE35D71A23B9B2006EFFC3 /* PASchedules */,
			);
		};
/* End PBXProject section */

/* Begin PBXResourcesBuildPhase section */
		F1FE35D61A23B9B2006EFFC3 /* Resources */ = {
			isa = PBXResourcesBuildPhase;
			buildActionMask = 2147483647;
			files = (
				F1FE36651A23B9F0006EFFC3 /* LaunchScreen.xib in Resources */,
				F1FE368A1A23B9F0006EFFC3 /* Images.xcassets in Resources */,
			);
			runOnlyForDeploymentPostprocessing = 0;
		};
/* End PBXResourcesBuildPhase section */

/* Begin PBXShellScriptBuildPhase section */
		C26A725AB4415B9F3460BCF4 /* Check Pods Manifest.lock */ = {
			isa = PBXShellScriptBuildPhase;
			buildActionMask = 2147483647;
			files = (
			);
			inputPaths = (
			);
			name = "Check Pods Manifest.lock";
			outputPaths = (
			);
			runOnlyForDeploymentPostprocessing = 0;
			shellPath = /bin/sh;
			shellScript = "diff \"${PODS_ROOT}/../Podfile.lock\" \"${PODS_ROOT}/Manifest.lock\" > /dev/null\nif [[ $? != 0 ]] ; then\n    cat << EOM\nerror: The sandbox is not in sync with the Podfile.lock. Run 'pod install' or update your CocoaPods installation.\nEOM\n    exit 1\nfi\n";
			showEnvVarsInLog = 0;
		};
		CA0821B8EB38D49B3724592B /* Copy Pods Resources */ = {
			isa = PBXShellScriptBuildPhase;
			buildActionMask = 2147483647;
			files = (
			);
			inputPaths = (
			);
			name = "Copy Pods Resources";
			outputPaths = (
			);
			runOnlyForDeploymentPostprocessing = 0;
			shellPath = /bin/sh;
			shellScript = "\"${SRCROOT}/Pods/Target Support Files/Pods/Pods-resources.sh\"\n";
			showEnvVarsInLog = 0;
		};
		F1D808331A2528380068B20D /* Integrate Crashlytics */ = {
			isa = PBXShellScriptBuildPhase;
			buildActionMask = 2147483647;
			files = (
			);
			inputPaths = (
			);
			name = "Integrate Crashlytics";
			outputPaths = (
			);
			runOnlyForDeploymentPostprocessing = 0;
			shellPath = /bin/sh;
			shellScript = "./Crashlytics.framework/run ee94e24c5383105ff0dd886b0283711d3f06efff fb74ea043af5c4c81e02bc4fa7fe6fda90146cb91a1bfc2893b1ff5cc9a712c6";
		};
/* End PBXShellScriptBuildPhase section */

/* Begin PBXSourcesBuildPhase section */
		F1FE35D41A23B9B2006EFFC3 /* Sources */ = {
			isa = PBXSourcesBuildPhase;
			buildActionMask = 2147483647;
			files = (
				F1FE36741A23B9F0006EFFC3 /* PATabBarController.m in Sources */,
				F1FE36821A23B9F0006EFFC3 /* PACommitmentTableViewCell.m in Sources */,
				F1FE36731A23B9F0006EFFC3 /* PANavigationController.m in Sources */,
				F1FE36891A23B9F0006EFFC3 /* PATextFieldCell.m in Sources */,
				F1FE36641A23B9F0006EFFC3 /* AppDelegate.m in Sources */,
				F1FE366B1A23B9F0006EFFC3 /* PASupercourse.m in Sources */,
				F1FE36791A23B9F0006EFFC3 /* PATeacherSearchViewController.m in Sources */,
				F1FE367F1A23B9F0006EFFC3 /* PATemplateTableViewController.m in Sources */,
				F1FE368C1A23B9F0006EFFC3 /* main.m in Sources */,
				F1FE36781A23B9F0006EFFC3 /* PASupercourseSearchViewController.m in Sources */,
				F1FE36801A23B9F0006EFFC3 /* PABasicInfoTableViewCell.m in Sources */,
				F1FE36681A23B9F0006EFFC3 /* PASchedule.m in Sources */,
				F1FE366E1A23B9F0006EFFC3 /* NSDate+PAExtensions.m in Sources */,
				F1FE36811A23B9F0006EFFC3 /* PABasicTeacherTableViewCell.m in Sources */,
				F1FE367A1A23B9F0006EFFC3 /* PACommitmentViewController.m in Sources */,
				F1D808281A2435360068B20D /* PAComparisonViewController.m in Sources */,
				F1FE366C1A23B9F0006EFFC3 /* PATeacher.m in Sources */,
				F1FE366D1A23B9F0006EFFC3 /* PASchedulesAPI.m in Sources */,
				F1FE367C1A23B9F0006EFFC3 /* PAStudentViewController.m in Sources */,
				F1FE36831A23B9F0006EFFC3 /* PACourseTableViewCell.m in Sources */,
				F1FE36751A23B9F0006EFFC3 /* PACompareViewController.m in Sources */,
				F1FE36701A23B9F0006EFFC3 /* UIImage+PAExtensions.m in Sources */,
				F1FE36881A23B9F0006EFFC3 /* PATeacherTableViewCell.m in Sources */,
				F1FE367E1A23B9F0006EFFC3 /* PATeacherViewController.m in Sources */,
				F1FE36861A23B9F0006EFFC3 /* PAStudentTableViewCell.m in Sources */,
				F1FE36841A23B9F0006EFFC3 /* PAEmptyTableViewCell.m in Sources */,
				F1FE36721A23B9F0006EFFC3 /* PALoginViewController.m in Sources */,
				F1FE36761A23B9F0006EFFC3 /* PASearchViewController.m in Sources */,
				F1FE36771A23B9F0006EFFC3 /* PAStudentSearchViewController.m in Sources */,
				F1FE366F1A23B9F0006EFFC3 /* NSError+PAExtensions.m in Sources */,
				F1FE367B1A23B9F0006EFFC3 /* PASectionViewController.m in Sources */,
				F1FE36851A23B9F0006EFFC3 /* PASectionTableViewCell.m in Sources */,
				F1D808311A2468050068B20D /* NSArray+PAExtensions.m in Sources */,
				F1FE367D1A23B9F0006EFFC3 /* PASupercourseViewController.m in Sources */,
				F1FE366A1A23B9F0006EFFC3 /* PAStudent.m in Sources */,
				F1FE36711A23B9F0006EFFC3 /* UITabBarItem+Selected.m in Sources */,
				F1D8082B1A2442310068B20D /* PACache.m in Sources */,
				F1FE36661A23B9F0006EFFC3 /* PACommitment.m in Sources */,
				F1FE36671A23B9F0006EFFC3 /* PACourse.m in Sources */,
				F1FE36691A23B9F0006EFFC3 /* PASection.m in Sources */,
				F1FE36871A23B9F0006EFFC3 /* PASupercourseTableViewCell.m in Sources */,
			);
			runOnlyForDeploymentPostprocessing = 0;
		};
/* End PBXSourcesBuildPhase section */

/* Begin PBXVariantGroup section */
		F1FE36041A23B9F0006EFFC3 /* LaunchScreen.xib */ = {
			isa = PBXVariantGroup;
			children = (
				F1FE36051A23B9F0006EFFC3 /* Base */,
			);
			name = LaunchScreen.xib;
			sourceTree = "<group>";
		};
/* End PBXVariantGroup section */

/* Begin XCBuildConfiguration section */
		F1FE35F91A23B9B2006EFFC3 /* Debug */ = {
			isa = XCBuildConfiguration;
			buildSettings = {
				ALWAYS_SEARCH_USER_PATHS = NO;
				CLANG_CXX_LANGUAGE_STANDARD = "gnu++0x";
				CLANG_CXX_LIBRARY = "libc++";
				CLANG_ENABLE_MODULES = YES;
				CLANG_ENABLE_OBJC_ARC = YES;
				CLANG_WARN_BOOL_CONVERSION = YES;
				CLANG_WARN_CONSTANT_CONVERSION = YES;
				CLANG_WARN_DIRECT_OBJC_ISA_USAGE = YES_ERROR;
				CLANG_WARN_EMPTY_BODY = YES;
				CLANG_WARN_ENUM_CONVERSION = YES;
				CLANG_WARN_INT_CONVERSION = YES;
				CLANG_WARN_OBJC_ROOT_CLASS = YES_ERROR;
				CLANG_WARN_UNREACHABLE_CODE = YES;
				CLANG_WARN__DUPLICATE_METHOD_MATCH = YES;
				CODE_SIGN_IDENTITY = "";
				"CODE_SIGN_IDENTITY[sdk=iphoneos*]" = "";
				COPY_PHASE_STRIP = NO;
				ENABLE_STRICT_OBJC_MSGSEND = YES;
				GCC_C_LANGUAGE_STANDARD = gnu99;
				GCC_DYNAMIC_NO_PIC = NO;
				GCC_OPTIMIZATION_LEVEL = 0;
				GCC_PREPROCESSOR_DEFINITIONS = (
					"DEBUG=1",
					"$(inherited)",
				);
				GCC_SYMBOLS_PRIVATE_EXTERN = NO;
				GCC_WARN_64_TO_32_BIT_CONVERSION = YES;
				GCC_WARN_ABOUT_RETURN_TYPE = YES_ERROR;
				GCC_WARN_UNDECLARED_SELECTOR = YES;
				GCC_WARN_UNINITIALIZED_AUTOS = YES_AGGRESSIVE;
				GCC_WARN_UNUSED_FUNCTION = YES;
				GCC_WARN_UNUSED_VARIABLE = YES;
				IPHONEOS_DEPLOYMENT_TARGET = 7.0;
				MTL_ENABLE_DEBUG_INFO = YES;
				ONLY_ACTIVE_ARCH = YES;
				PROVISIONING_PROFILE = "0abbe460-41fb-40a6-8c28-ae8ed3f0b85e";
				SDKROOT = iphoneos;
				TARGETED_DEVICE_FAMILY = "1,2";
			};
			name = Debug;
		};
		F1FE35FA1A23B9B2006EFFC3 /* Release */ = {
			isa = XCBuildConfiguration;
			buildSettings = {
				ALWAYS_SEARCH_USER_PATHS = NO;
				CLANG_CXX_LANGUAGE_STANDARD = "gnu++0x";
				CLANG_CXX_LIBRARY = "libc++";
				CLANG_ENABLE_MODULES = YES;
				CLANG_ENABLE_OBJC_ARC = YES;
				CLANG_WARN_BOOL_CONVERSION = YES;
				CLANG_WARN_CONSTANT_CONVERSION = YES;
				CLANG_WARN_DIRECT_OBJC_ISA_USAGE = YES_ERROR;
				CLANG_WARN_EMPTY_BODY = YES;
				CLANG_WARN_ENUM_CONVERSION = YES;
				CLANG_WARN_INT_CONVERSION = YES;
				CLANG_WARN_OBJC_ROOT_CLASS = YES_ERROR;
				CLANG_WARN_UNREACHABLE_CODE = YES;
				CLANG_WARN__DUPLICATE_METHOD_MATCH = YES;
				CODE_SIGN_IDENTITY = "iOS Distribution: Rudd Fawcett";
				"CODE_SIGN_IDENTITY[sdk=iphoneos*]" = "iOS Distribution: Rudd Fawcett";
				COPY_PHASE_STRIP = YES;
				ENABLE_NS_ASSERTIONS = NO;
				ENABLE_STRICT_OBJC_MSGSEND = YES;
				GCC_C_LANGUAGE_STANDARD = gnu99;
				GCC_WARN_64_TO_32_BIT_CONVERSION = YES;
				GCC_WARN_ABOUT_RETURN_TYPE = YES_ERROR;
				GCC_WARN_UNDECLARED_SELECTOR = YES;
				GCC_WARN_UNINITIALIZED_AUTOS = YES_AGGRESSIVE;
				GCC_WARN_UNUSED_FUNCTION = YES;
				GCC_WARN_UNUSED_VARIABLE = YES;
				IPHONEOS_DEPLOYMENT_TARGET = 7.0;
				MTL_ENABLE_DEBUG_INFO = NO;
				PROVISIONING_PROFILE = "0abbe460-41fb-40a6-8c28-ae8ed3f0b85e";
				SDKROOT = iphoneos;
				TARGETED_DEVICE_FAMILY = "1,2";
				VALIDATE_PRODUCT = YES;
			};
			name = Release;
		};
		F1FE35FC1A23B9B2006EFFC3 /* Debug */ = {
			isa = XCBuildConfiguration;
			baseConfigurationReference = 5816D954C368EF0942C41008 /* Pods.debug.xcconfig */;
			buildSettings = {
				ASSETCATALOG_COMPILER_APPICON_NAME = AppIcon;
				ASSETCATALOG_COMPILER_LAUNCHIMAGE_NAME = LaunchImage;
				CODE_SIGN_IDENTITY = "iPhone Developer";
				"CODE_SIGN_IDENTITY[sdk=iphoneos*]" = "iPhone Developer";
				FRAMEWORK_SEARCH_PATHS = (
					"$(inherited)",
					"$(PROJECT_DIR)",
				);
				GCC_PREFIX_HEADER = PrefixHeader.pch;
				INFOPLIST_FILE = "$(SRCROOT)/PASchedules/Supporting Files/Info.plist";
				IPHONEOS_DEPLOYMENT_TARGET = 7.0;
				LD_RUNPATH_SEARCH_PATHS = "$(inherited) @executable_path/Frameworks";
				PRODUCT_NAME = "$(TARGET_NAME)";
				PROVISIONING_PROFILE = "";
				TARGETED_DEVICE_FAMILY = "1,2";
			};
			name = Debug;
		};
		F1FE35FD1A23B9B2006EFFC3 /* Release */ = {
			isa = XCBuildConfiguration;
			baseConfigurationReference = EEF57C240426B12D7CC19B88 /* Pods.release.xcconfig */;
			buildSettings = {
				ASSETCATALOG_COMPILER_APPICON_NAME = AppIcon;
				ASSETCATALOG_COMPILER_LAUNCHIMAGE_NAME = LaunchImage;
				CODE_SIGN_IDENTITY = "iPhone Developer";
				"CODE_SIGN_IDENTITY[sdk=iphoneos*]" = "iPhone Developer";
				FRAMEWORK_SEARCH_PATHS = (
					"$(inherited)",
					"$(PROJECT_DIR)",
				);
				GCC_PREFIX_HEADER = PrefixHeader.pch;
				INFOPLIST_FILE = "$(SRCROOT)/PASchedules/Supporting Files/Info.plist";
				IPHONEOS_DEPLOYMENT_TARGET = 7.0;
				LD_RUNPATH_SEARCH_PATHS = "$(inherited) @executable_path/Frameworks";
				PRODUCT_NAME = "$(TARGET_NAME)";
				PROVISIONING_PROFILE = "";
				TARGETED_DEVICE_FAMILY = "1,2";
			};
			name = Release;
		};
/* End XCBuildConfiguration section */

/* Begin XCConfigurationList section */
		F1FE35D31A23B9B2006EFFC3 /* Build configuration list for PBXProject "PASchedules" */ = {
			isa = XCConfigurationList;
			buildConfigurations = (
				F1FE35F91A23B9B2006EFFC3 /* Debug */,
				F1FE35FA1A23B9B2006EFFC3 /* Release */,
			);
			defaultConfigurationIsVisible = 0;
			defaultConfigurationName = Release;
		};
		F1FE35FB1A23B9B2006EFFC3 /* Build configuration list for PBXNativeTarget "PASchedules" */ = {
			isa = XCConfigurationList;
			buildConfigurations = (
				F1FE35FC1A23B9B2006EFFC3 /* Debug */,
				F1FE35FD1A23B9B2006EFFC3 /* Release */,
			);
			defaultConfigurationIsVisible = 0;
			defaultConfigurationName = Release;
		};
/* End XCConfigurationList section */
	};
	rootObject = F1FE35D01A23B9B2006EFFC3 /* Project object */;
}
